{
  "name": "innosale",
  "lockfileVersion": 2,
  "requires": true,
  "packages": {
    "": {
      "dependencies": {
        "@tweakpane/plugin-essentials": "^0.1.8"
      }
    },
    "node_modules/@tweakpane/plugin-essentials": {
      "version": "0.1.8",
      "resolved": "https://registry.npmjs.org/@tweakpane/plugin-essentials/-/plugin-essentials-0.1.8.tgz",
      "integrity": "sha512-tWBXzWafcjiq+/XvZnOgSz0B+YikwZj0NnqiZPba+AwTiDqNk/6PU3so0Bs0qyxLIJKT/+AUPRL8jBmtERYzwA==",
      "peerDependencies": {
        "tweakpane": "^3.1.4"
      }
    },
    "node_modules/tweakpane": {
      "version": "3.1.10",
      "resolved": "https://registry.npmjs.org/tweakpane/-/tweakpane-3.1.10.tgz",
      "integrity": "sha512-rqwnl/pUa7+inhI2E9ayGTqqP0EPOOn/wVvSWjZsRbZUItzNShny7pzwL3hVlaN4m9t/aZhsP0aFQ9U5VVR2VQ==",
      "peer": true,
      "funding": {
        "url": "https://github.com/sponsors/cocopon"
      }
    }
  },
  "dependencies": {
    "@tweakpane/plugin-essentials": {
      "version": "0.1.8",
      "resolved": "https://registry.npmjs.org/@tweakpane/plugin-essentials/-/plugin-essentials-0.1.8.tgz",
      "integrity": "sha512-tWBXzWafcjiq+/XvZnOgSz0B+YikwZj0NnqiZPba+AwTiDqNk/6PU3so0Bs0qyxLIJKT/+AUPRL8jBmtERYzwA==",
      "requires": {}
    },
    "tweakpane": {
      "version": "3.1.10",
      "resolved": "https://registry.npmjs.org/tweakpane/-/tweakpane-3.1.10.tgz",
      "integrity": "sha512-rqwnl/pUa7+inhI2E9ayGTqqP0EPOOn/wVvSWjZsRbZUItzNShny7pzwL3hVlaN4m9t/aZhsP0aFQ9U5VVR2VQ==",
      "peer": true
    }
  }
}
